
Microsoft Visual Studio Solution File, Format Version 12.00
# Visual Studio Version 17
VisualStudioVersion = 17.10.35122.118
MinimumVisualStudioVersion = 10.0.40219.1
Project("{FAE04EC0-301F-11D3-BF4B-00C04F79EFBC}") = "A", "A.csproj", "{95527D4B-BA4C-467D-ACF8-1956D2E4B67E}"
EndProject
Global
	GlobalSection(SolutionConfigurationPlatforms) = preSolution
		Debug|Any CPU = Debug|Any CPU
		Release|Any CPU = Release|Any CPU
	EndGlobalSection
	GlobalSection(ProjectConfigurationPlatforms) = postSolution
		{95527D4B-BA4C-467D-ACF8-1956D2E4B67E}.Debug|Any CPU.ActiveCfg = Debug|Any CPU
		{95527D4B-BA4C-467D-ACF8-1956D2E4B67E}.Debug|Any CPU.Build.0 = Debug|Any CPU
		{95527D4B-BA4C-467D-ACF8-1956D2E4B67E}.Release|Any CPU.ActiveCfg = Release|Any CPU
		{95527D4B-BA4C-467D-ACF8-1956D2E4B67E}.Release|Any CPU.Build.0 = Release|Any CPU
	EndGlobalSection
	GlobalSection(SolutionProperties) = preSolution
		HideSolutionNode = FALSE
	EndGlobalSection
	GlobalSection(ExtensibilityGlobals) = postSolution
		SolutionGuid = {D2F2DAF3-00B3-4971-BBDF-5D5B94C1FE87}
	EndGlobalSection
EndGlobal
